// !$*UTF8*$!
{
	archiveVersion = 1;
	classes = {
	};
	objectVersion = 50;
	objects = {

/* Begin PBXBuildFile section */
		4B614298211AFAE700663415 /* AppDelegate.swift in Sources */ = {isa = PBXBuildFile; fileRef = 4B614297211AFAE700663415 /* AppDelegate.swift */; };
		4B61429A211AFAE700663415 /* ViewController.swift in Sources */ = {isa = PBXBuildFile; fileRef = 4B614299211AFAE700663415 /* ViewController.swift */; };
		4B61429D211AFAE700663415 /* Main.storyboard in Resources */ = {isa = PBXBuildFile; fileRef = 4B61429B211AFAE700663415 /* Main.storyboard */; };
		4B61429F211AFAE800663415 /* Assets.xcassets in Resources */ = {isa = PBXBuildFile; fileRef = 4B61429E211AFAE800663415 /* Assets.xcassets */; };
		4B6142A2211AFAE800663415 /* LaunchScreen.storyboard in Resources */ = {isa = PBXBuildFile; fileRef = 4B6142A0211AFAE800663415 /* LaunchScreen.storyboard */; };
		4B6142AB211AFC4F00663415 /* Post.swift in Sources */ = {isa = PBXBuildFile; fileRef = 4B6142AA211AFC4F00663415 /* Post.swift */; };
		4B6142AE211B0AE000663415 /* PostCell.swift in Sources */ = {isa = PBXBuildFile; fileRef = 4B6142AD211B0AE000663415 /* PostCell.swift */; };
		4B6142B1211B1A4300663415 /* AddPostVC.swift in Sources */ = {isa = PBXBuildFile; fileRef = 4B6142B0211B1A4300663415 /* AddPostVC.swift */; };
		4B6142B4211B266900663415 /* DataService.swift in Sources */ = {isa = PBXBuildFile; fileRef = 4B6142B3211B266900663415 /* DataService.swift */; };
/* End PBXBuildFile section */

/* Begin PBXFileReference section */
		4B614294211AFAE700663415 /* MyHood.app */ = {isa = PBXFileReference; explicitFileType = wrapper.application; includeInIndex = 0; path = MyHood.app; sourceTree = BUILT_PRODUCTS_DIR; };
		4B614297211AFAE700663415 /* AppDelegate.swift */ = {isa = PBXFileReference; lastKnownFileType = sourcecode.swift; path = AppDelegate.swift; sourceTree = "<group>"; };
		4B614299211AFAE700663415 /* ViewController.swift */ = {isa = PBXFileReference; lastKnownFileType = sourcecode.swift; path = ViewController.swift; sourceTree = "<group>"; };
		4B61429C211AFAE700663415 /* Base */ = {isa = PBXFileReference; lastKnownFileType = file.storyboard; name = Base; path = Base.lproj/Main.storyboard; sourceTree = "<group>"; };
		4B61429E211AFAE800663415 /* Assets.xcassets */ = {isa = PBXFileReference; lastKnownFileType = folder.assetcatalog; path = Assets.xcassets; sourceTree = "<group>"; };
		4B6142A1211AFAE800663415 /* Base */ = {isa = PBXFileReference; lastKnownFileType = file.storyboard; name = Base; path = Base.lproj/LaunchScreen.storyboard; sourceTree = "<group>"; };
		4B6142A3211AFAE800663415 /* Info.plist */ = {isa = PBXFileReference; lastKnownFileType = text.plist.xml; path = Info.plist; sourceTree = "<group>"; };
		4B6142AA211AFC4F00663415 /* Post.swift */ = {isa = PBXFileReference; lastKnownFileType = sourcecode.swift; name = Post.swift; path = MyHood/Post.swift; sourceTree = SOURCE_ROOT; };
		4B6142AD211B0AE000663415 /* PostCell.swift */ = {isa = PBXFileReference; lastKnownFileType = sourcecode.swift; path = PostCell.swift; sourceTree = "<group>"; };
		4B6142B0211B1A4300663415 /* AddPostVC.swift */ = {isa = PBXFileReference; lastKnownFileType = sourcecode.swift; path = AddPostVC.swift; sourceTree = "<group>"; };
		4B6142B3211B266900663415 /* DataService.swift */ = {isa = PBXFileReference; lastKnownFileType = sourcecode.swift; path = DataService.swift; sourceTree = "<group>"; };
/* End PBXFileReference section */

/* Begin PBXFrameworksBuildPhase section */
		4B614291211AFAE700663415 /* Frameworks */ = {
			isa = PBXFrameworksBuildPhase;
			buildActionMask = 2147483647;
			files = (
			);
			runOnlyForDeploymentPostprocessing = 0;
		};
/* End PBXFrameworksBuildPhase section */

/* Begin PBXGroup section */
		4B61428B211AFAE700663415 = {
			isa = PBXGroup;
			children = (
				4B614296211AFAE700663415 /* MyHood */,
				4B614295211AFAE700663415 /* Products */,
			);
			sourceTree = "<group>";
		};
		4B614295211AFAE700663415 /* Products */ = {
			isa = PBXGroup;
			children = (
				4B614294211AFAE700663415 /* MyHood.app */,
			);
			name = Products;
			sourceTree = "<group>";
		};
		4B614296211AFAE700663415 /* MyHood */ = {
			isa = PBXGroup;
			children = (
				4B6142B2211B265700663415 /* tree */,
				4B6142AF211B1A1700663415 /* Controller */,
				4B6142AC211B0AAE00663415 /* View */,
				4B6142A9211AFC1400663415 /* Model */,
				4B614297211AFAE700663415 /* AppDelegate.swift */,
				4B614299211AFAE700663415 /* ViewController.swift */,
				4B61429B211AFAE700663415 /* Main.storyboard */,
				4B61429E211AFAE800663415 /* Assets.xcassets */,
				4B6142A0211AFAE800663415 /* LaunchScreen.storyboard */,
				4B6142A3211AFAE800663415 /* Info.plist */,
			);
			path = MyHood;
			sourceTree = "<group>";
		};
		4B6142A9211AFC1400663415 /* Model */ = {
			isa = PBXGroup;
			children = (
				4B6142AA211AFC4F00663415 /* Post.swift */,
			);
			path = Model;
			sourceTree = "<group>";
		};
		4B6142AC211B0AAE00663415 /* View */ = {
			isa = PBXGroup;
			children = (
				4B6142AD211B0AE000663415 /* PostCell.swift */,
			);
			path = View;
			sourceTree = "<group>";
		};
		4B6142AF211B1A1700663415 /* Controller */ = {
			isa = PBXGroup;
			children = (
				4B6142B0211B1A4300663415 /* AddPostVC.swift */,
			);
			path = Controller;
			sourceTree = "<group>";
		};
		4B6142B2211B265700663415 /* tree */ = {
			isa = PBXGroup;
			children = (
				4B6142B3211B266900663415 /* DataService.swift */,
			);
			path = tree;
			sourceTree = "<group>";
		};
/* End PBXGroup section */

/* Begin PBXNativeTarget section */
		4B614293211AFAE700663415 /* MyHood */ = {
			isa = PBXNativeTarget;
			buildConfigurationList = 4B6142A6211AFAE800663415 /* Build configuration list for PBXNativeTarget "MyHood" */;
			buildPhases = (
				4B614290211AFAE700663415 /* Sources */,
				4B614291211AFAE700663415 /* Frameworks */,
				4B614292211AFAE700663415 /* Resources */,
			);
			buildRules = (
			);
			dependencies = (
			);
			name = MyHood;
			productName = MyHood;
			productReference = 4B614294211AFAE700663415 /* MyHood.app */;
			productType = "com.apple.product-type.application";
		};
/* End PBXNativeTarget section */

/* Begin PBXProject section */
		4B61428C211AFAE700663415 /* Project object */ = {
			isa = PBXProject;
			attributes = {
				LastSwiftUpdateCheck = 0940;
				LastUpgradeCheck = 0940;
				ORGANIZATIONNAME = Nikhil;
				TargetAttributes = {
					4B614293211AFAE700663415 = {
						CreatedOnToolsVersion = 9.4.1;
					};
				};
			};
			buildConfigurationList = 4B61428F211AFAE700663415 /* Build configuration list for PBXProject "MyHood" */;
			compatibilityVersion = "Xcode 9.3";
			developmentRegion = en;
			hasScannedForEncodings = 0;
			knownRegions = (
				en,
				Base,
			);
			mainGroup = 4B61428B211AFAE700663415;
			productRefGroup = 4B614295211AFAE700663415 /* Products */;
			projectDirPath = "";
			projectRoot = "";
			targets = (
				4B614293211AFAE700663415 /* MyHood */,
			);
		};
/* End PBXProject section */

/* Begin PBXResourcesBuildPhase section */
		4B614292211AFAE700663415 /* Resources */ = {
			isa = PBXResourcesBuildPhase;
			buildActionMask = 2147483647;
			files = (
				4B6142A2211AFAE800663415 /* LaunchScreen.storyboard in Resources */,
				4B61429F211AFAE800663415 /* Assets.xcassets in Resources */,
				4B61429D211AFAE700663415 /* Main.storyboard in Resources */,
			);
			runOnlyForDeploymentPostprocessing = 0;
		};
/* End PBXResourcesBuildPhase section */

/* Begin PBXSourcesBuildPhase section */
		4B614290211AFAE700663415 /* Sources */ = {
			isa = PBXSourcesBuildPhase;
			buildActionMask = 2147483647;
			files = (
				4B6142AB211AFC4F00663415 /* Post.swift in Sources */,
				4B61429A211AFAE700663415 /* ViewController.swift in Sources */,
				4B6142B1211B1A4300663415 /* AddPostVC.swift in Sources */,
				4B6142B4211B266900663415 /* DataService.swift in Sources */,
				4B614298211AFAE700663415 /* AppDelegate.swift in Sources */,
				4B6142AE211B0AE000663415 /* PostCell.swift in Sources */,
			);
			runOnlyForDeploymentPostprocessing = 0;
		};
/* End PBXSourcesBuildPhase section */

/* Begin PBXVariantGroup section */
		4B61429B211AFAE700663415 /* Main.storyboard */ = {
			isa = PBXVariantGroup;
			children = (
				4B61429C211AFAE700663415 /* Base */,
			);
			name = Main.storyboard;
			sourceTree = "<group>";
		};
		4B6142A0211AFAE800663415 /* LaunchScreen.storyboard */ = {
			isa = PBXVariantGroup;
			children = (
				4B6142A1211AFAE800663415 /* Base */,
			);
			name = LaunchScreen.storyboard;
			sourceTree = "<group>";
		};
/* End PBXVariantGroup section */

/* Begin XCBuildConfiguration section */
		4B6142A4211AFAE800663415 /* Debug */ = {
			isa = XCBuildConfiguration;
			buildSettings = {
				ALWAYS_SEARCH_USER_PATHS = NO;
				CLANG_ANALYZER_NONNULL = YES;
				CLANG_ANALYZER_NUMBER_OBJECT_CONVERSION = YES_AGGRESSIVE;
				CLANG_CXX_LANGUAGE_STANDARD = "gnu++14";
				CLANG_CXX_LIBRARY = "libc++";
				CLANG_ENABLE_MODULES = YES;
				CLANG_ENABLE_OBJC_ARC = YES;
				CLANG_ENABLE_OBJC_WEAK = YES;
				CLANG_WARN_BLOCK_CAPTURE_AUTORELEASING = YES;
				CLANG_WARN_BOOL_CONVERSION = YES;
				CLANG_WARN_COMMA = YES;
				CLANG_WARN_CONSTANT_CONVERSION = YES;
				CLANG_WARN_DEPRECATED_OBJC_IMPLEMENTATIONS = YES;
				CLANG_WARN_DIRECT_OBJC_ISA_USAGE = YES_ERROR;
				CLANG_WARN_DOCUMENTATION_COMMENTS = YES;
				CLANG_WARN_EMPTY_BODY = YES;
				CLANG_WARN_ENUM_CONVERSION = YES;
				CLANG_WARN_INFINITE_RECURSION = YES;
				CLANG_WARN_INT_CONVERSION = YES;
				CLANG_WARN_NON_LITERAL_NULL_CONVERSION = YES;
				CLANG_WARN_OBJC_IMPLICIT_RETAIN_SELF = YES;
				CLANG_WARN_OBJC_LITERAL_CONVERSION = YES;
				CLANG_WARN_OBJC_ROOT_CLASS = YES_ERROR;
				CLANG_WARN_RANGE_LOOP_ANALYSIS = YES;
				CLANG_WARN_STRICT_PROTOTYPES = YES;
				CLANG_WARN_SUSPICIOUS_MOVE = YES;
				CLANG_WARN_UNGUARDED_AVAILABILITY = YES_AGGRESSIVE;
				CLANG_WARN_UNREACHABLE_CODE = YES;
				CLANG_WARN__DUPLICATE_METHOD_MATCH = YES;
				CODE_SIGN_IDENTITY = "iPhone Developer";
				COPY_PHASE_STRIP = NO;
				DEBUG_INFORMATION_FORMAT = dwarf;
				ENABLE_STRICT_OBJC_MSGSEND = YES;
				ENABLE_TESTABILITY = YES;
				GCC_C_LANGUAGE_STANDARD = gnu11;
				GCC_DYNAMIC_NO_PIC = NO;
				GCC_NO_COMMON_BLOCKS = YES;
				GCC_OPTIMIZATION_LEVEL = 0;
				GCC_PREPROCESSOR_DEFINITIONS = (
					"DEBUG=1",
					"$(inherited)",
				);
				GCC_WARN_64_TO_32_BIT_CONVERSION = YES;
				GCC_WARN_ABOUT_RETURN_TYPE = YES_ERROR;
				GCC_WARN_UNDECLARED_SELECTOR = YES;
				GCC_WARN_UNINITIALIZED_AUTOS = YES_AGGRESSIVE;
				GCC_WARN_UNUSED_FUNCTION = YES;
				GCC_WARN_UNUSED_VARIABLE = YES;
				IPHONEOS_DEPLOYMENT_TARGET = 11.4;
				MTL_ENABLE_DEBUG_INFO = YES;
				ONLY_ACTIVE_ARCH = YES;
				SDKROOT = iphoneos;
				SWIFT_ACTIVE_COMPILATION_CONDITIONS = DEBUG;
				SWIFT_OPTIMIZATION_LEVEL = "-Onone";
			};
			name = Debug;
		};
		4B6142A5211AFAE800663415 /* Release */ = {
			isa = XCBuildConfiguration;
			buildSettings = {
				ALWAYS_SEARCH_USER_PATHS = NO;
				CLANG_ANALYZER_NONNULL = YES;
				CLANG_ANALYZER_NUMBER_OBJECT_CONVERSION = YES_AGGRESSIVE;
				CLANG_CXX_LANGUAGE_STANDARD = "gnu++14";
				CLANG_CXX_LIBRARY = "libc++";
				CLANG_ENABLE_MODULES = YES;
				CLANG_ENABLE_OBJC_ARC = YES;
				CLANG_ENABLE_OBJC_WEAK = YES;
				CLANG_WARN_BLOCK_CAPTURE_AUTORELEASING = YES;
				CLANG_WARN_BOOL_CONVERSION = YES;
				CLANG_WARN_COMMA = YES;
				CLANG_WARN_CONSTANT_CONVERSION = YES;
				CLANG_WARN_DEPRECATED_OBJC_IMPLEMENTATIONS = YES;
				CLANG_WARN_DIRECT_OBJC_ISA_USAGE = YES_ERROR;
				CLANG_WARN_DOCUMENTATION_COMMENTS = YES;
				CLANG_WARN_EMPTY_BODY = YES;
				CLANG_WARN_ENUM_CONVERSION = YES;
				CLANG_WARN_INFINITE_RECURSION = YES;
				CLANG_WARN_INT_CONVERSION = YES;
				CLANG_WARN_NON_LITERAL_NULL_CONVERSION = YES;
				CLANG_WARN_OBJC_IMPLICIT_RETAIN_SELF = YES;
				CLANG_WARN_OBJC_LITERAL_CONVERSION = YES;
				CLANG_WARN_OBJC_ROOT_CLASS = YES_ERROR;
				CLANG_WARN_RANGE_LOOP_ANALYSIS = YES;
				CLANG_WARN_STRICT_PROTOTYPES = YES;
				CLANG_WARN_SUSPICIOUS_MOVE = YES;
				CLANG_WARN_UNGUARDED_AVAILABILITY = YES_AGGRESSIVE;
				CLANG_WARN_UNREACHABLE_CODE = YES;
				CLANG_WARN__DUPLICATE_METHOD_MATCH = YES;
				CODE_SIGN_IDENTITY = "iPhone Developer";
				COPY_PHASE_STRIP = NO;
				DEBUG_INFORMATION_FORMAT = "dwarf-with-dsym";
				ENABLE_NS_ASSERTIONS = NO;
				ENABLE_STRICT_OBJC_MSGSEND = YES;
				GCC_C_LANGUAGE_STANDARD = gnu11;
				GCC_NO_COMMON_BLOCKS = YES;
				GCC_WARN_64_TO_32_BIT_CONVERSION = YES;
				GCC_WARN_ABOUT_RETURN_TYPE = YES_ERROR;
				GCC_WARN_UNDECLARED_SELECTOR = YES;
				GCC_WARN_UNINITIALIZED_AUTOS = YES_AGGRESSIVE;
				GCC_WARN_UNUSED_FUNCTION = YES;
				GCC_WARN_UNUSED_VARIABLE = YES;
				IPHONEOS_DEPLOYMENT_TARGET = 11.4;
				MTL_ENABLE_DEBUG_INFO = NO;
				SDKROOT = iphoneos;
				SWIFT_COMPILATION_MODE = wholemodule;
				SWIFT_OPTIMIZATION_LEVEL = "-O";
				VALIDATE_PRODUCT = YES;
			};
			name = Release;
		};
		4B6142A7211AFAE800663415 /* Debug */ = {
			isa = XCBuildConfiguration;
			buildSettings = {
				ASSETCATALOG_COMPILER_APPICON_NAME = AppIcon;
				CODE_SIGN_STYLE = Automatic;
				INFOPLIST_FILE = MyHood/Info.plist;
				LD_RUNPATH_SEARCH_PATHS = (
					"$(inherited)",
					"@executable_path/Frameworks",
				);
				PRODUCT_BUNDLE_IDENTIFIER = com.nikhil.MyHood;
				PRODUCT_NAME = "$(TARGET_NAME)";
				SWIFT_VERSION = 4.0;
				TARGETED_DEVICE_FAMILY = "1,2";
			};
			name = Debug;
		};
		4B6142A8211AFAE800663415 /* Release */ = {
			isa = XCBuildConfiguration;
			buildSettings = {
				ASSETCATALOG_COMPILER_APPICON_NAME = AppIcon;
				CODE_SIGN_STYLE = Automatic;
				INFOPLIST_FILE = MyHood/Info.plist;
				LD_RUNPATH_SEARCH_PATHS = (
					"$(inherited)",
					"@executable_path/Frameworks",
				);
				PRODUCT_BUNDLE_IDENTIFIER = com.nikhil.MyHood;
				PRODUCT_NAME = "$(TARGET_NAME)";
				SWIFT_VERSION = 4.0;
				TARGETED_DEVICE_FAMILY = "1,2";
			};
			name = Release;
		};
/* End XCBuildConfiguration section */

/* Begin XCConfigurationList section */
		4B61428F211AFAE700663415 /* Build configuration list for PBXProject "MyHood" */ = {
			isa = XCConfigurationList;
			buildConfigurations = (
				4B6142A4211AFAE800663415 /* Debug */,
				4B6142A5211AFAE800663415 /* Release */,
			);
			defaultConfigurationIsVisible = 0;
			defaultConfigurationName = Release;
		};
		4B6142A6211AFAE800663415 /* Build configuration list for PBXNativeTarget "MyHood" */ = {
			isa = XCConfigurationList;
			buildConfigurations = (
				4B6142A7211AFAE800663415 /* Debug */,
				4B6142A8211AFAE800663415 /* Release */,
			);
			defaultConfigurationIsVisible = 0;
			defaultConfigurationName = Release;
		};
/* End XCConfigurationList section */
	};
	rootObject = 4B61428C211AFAE700663415 /* Project object */;
}
